
Microsoft Visual Studio Solution File, Format Version 12.00
# Visual Studio 2012
Project("{FAE04EC0-301F-11D3-BF4B-00C04F79EFBC}") = "Task1", "Task1\Task1.csproj", "{EC0350E2-63F0-4B23-B5EF-518DEDCA6C40}"
EndProject
Project("{FAE04EC0-301F-11D3-BF4B-00C04F79EFBC}") = "Task2", "Task2\Task2.csproj", "{214A6AF5-F8AE-4AE9-9693-468CB332D042}"
EndProject
Project("{FAE04EC0-301F-11D3-BF4B-00C04F79EFBC}") = "Task3", "Task3\Task3.csproj", "{3C02C8FF-9A18-4B9B-99B8-DA198445D63E}"
EndProject
Project("{FAE04EC0-301F-11D3-BF4B-00C04F79EFBC}") = "Task4", "Task4\Task4.csproj", "{7430735E-475E-44CE-BCDE-E83580FAC5D8}"
EndProject
Project("{FAE04EC0-301F-11D3-BF4B-00C04F79EFBC}") = "task5", "task5\task5.csproj", "{FA1F612E-6ECD-4147-8EC2-58D806E01DE1}"
EndProject
Project("{FAE04EC0-301F-11D3-BF4B-00C04F79EFBC}") = "task6", "task6\task6.csproj", "{4521039E-5843-459A-915E-40F42C20E228}"
EndProject
Project("{FAE04EC0-301F-11D3-BF4B-00C04F79EFBC}") = "task7", "task7\task7.csproj", "{D457ADFB-43CA-41FB-AC34-008D3E23A169}"
EndProject
Project("{FAE04EC0-301F-11D3-BF4B-00C04F79EFBC}") = "task8", "task8\task8.csproj", "{B1BD72C8-B679-4680-8A13-4AACD528F980}"
EndProject
Project("{FAE04EC0-301F-11D3-BF4B-00C04F79EFBC}") = "Task9", "Task9\Task9.csproj", "{434B73AB-DD2C-4F8C-A326-3B3D5996CD0B}"
EndProject
Project("{FAE04EC0-301F-11D3-BF4B-00C04F79EFBC}") = "task10", "task10\task10.csproj", "{0A669685-1E74-4749-BA43-02B48249E91D}"
EndProject
Project("{FAE04EC0-301F-11D3-BF4B-00C04F79EFBC}") = "Task11", "Task11\Task11.csproj", "{2DE865DF-DBDA-4F1A-AB67-2581C52ED924}"
EndProject
Project("{FAE04EC0-301F-11D3-BF4B-00C04F79EFBC}") = "task12", "task12\task12.csproj", "{1C579491-1C26-4B0A-9197-D5E2FC27CE53}"
EndProject
Project("{FAE04EC0-301F-11D3-BF4B-00C04F79EFBC}") = "task13", "task13\task13.csproj", "{D3E16633-1B90-4E29-93E4-117AC8301FEB}"
EndProject
Project("{FAE04EC0-301F-11D3-BF4B-00C04F79EFBC}") = "task14", "task14\task14.csproj", "{0E051BA5-9B68-4FE7-895C-4346ADB85392}"
EndProject
Global
	GlobalSection(SolutionConfigurationPlatforms) = preSolution
		Debug|Any CPU = Debug|Any CPU
		Release|Any CPU = Release|Any CPU
	EndGlobalSection
	GlobalSection(ProjectConfigurationPlatforms) = postSolution
		{EC0350E2-63F0-4B23-B5EF-518DEDCA6C40}.Debug|Any CPU.ActiveCfg = Debug|Any CPU
		{EC0350E2-63F0-4B23-B5EF-518DEDCA6C40}.Debug|Any CPU.Build.0 = Debug|Any CPU
		{EC0350E2-63F0-4B23-B5EF-518DEDCA6C40}.Release|Any CPU.ActiveCfg = Release|Any CPU
		{EC0350E2-63F0-4B23-B5EF-518DEDCA6C40}.Release|Any CPU.Build.0 = Release|Any CPU
		{214A6AF5-F8AE-4AE9-9693-468CB332D042}.Debug|Any CPU.ActiveCfg = Debug|Any CPU
		{214A6AF5-F8AE-4AE9-9693-468CB332D042}.Debug|Any CPU.Build.0 = Debug|Any CPU
		{214A6AF5-F8AE-4AE9-9693-468CB332D042}.Release|Any CPU.ActiveCfg = Release|Any CPU
		{214A6AF5-F8AE-4AE9-9693-468CB332D042}.Release|Any CPU.Build.0 = Release|Any CPU
		{3C02C8FF-9A18-4B9B-99B8-DA198445D63E}.Debug|Any CPU.ActiveCfg = Debug|Any CPU
		{3C02C8FF-9A18-4B9B-99B8-DA198445D63E}.Debug|Any CPU.Build.0 = Debug|Any CPU
		{3C02C8FF-9A18-4B9B-99B8-DA198445D63E}.Release|Any CPU.ActiveCfg = Release|Any CPU
		{3C02C8FF-9A18-4B9B-99B8-DA198445D63E}.Release|Any CPU.Build.0 = Release|Any CPU
		{7430735E-475E-44CE-BCDE-E83580FAC5D8}.Debug|Any CPU.ActiveCfg = Debug|Any CPU
		{7430735E-475E-44CE-BCDE-E83580FAC5D8}.Debug|Any CPU.Build.0 = Debug|Any CPU
		{7430735E-475E-44CE-BCDE-E83580FAC5D8}.Release|Any CPU.ActiveCfg = Release|Any CPU
		{7430735E-475E-44CE-BCDE-E83580FAC5D8}.Release|Any CPU.Build.0 = Release|Any CPU
		{FA1F612E-6ECD-4147-8EC2-58D806E01DE1}.Debug|Any CPU.ActiveCfg = Debug|Any CPU
		{FA1F612E-6ECD-4147-8EC2-58D806E01DE1}.Debug|Any CPU.Build.0 = Debug|Any CPU
		{FA1F612E-6ECD-4147-8EC2-58D806E01DE1}.Release|Any CPU.ActiveCfg = Release|Any CPU
		{FA1F612E-6ECD-4147-8EC2-58D806E01DE1}.Release|Any CPU.Build.0 = Release|Any CPU
		{4521039E-5843-459A-915E-40F42C20E228}.Debug|Any CPU.ActiveCfg = Debug|Any CPU
		{4521039E-5843-459A-915E-40F42C20E228}.Debug|Any CPU.Build.0 = Debug|Any CPU
		{4521039E-5843-459A-915E-40F42C20E228}.Release|Any CPU.ActiveCfg = Release|Any CPU
		{4521039E-5843-459A-915E-40F42C20E228}.Release|Any CPU.Build.0 = Release|Any CPU
		{D457ADFB-43CA-41FB-AC34-008D3E23A169}.Debug|Any CPU.ActiveCfg = Debug|Any CPU
		{D457ADFB-43CA-41FB-AC34-008D3E23A169}.Debug|Any CPU.Build.0 = Debug|Any CPU
		{D457ADFB-43CA-41FB-AC34-008D3E23A169}.Release|Any CPU.ActiveCfg = Release|Any CPU
		{D457ADFB-43CA-41FB-AC34-008D3E23A169}.Release|Any CPU.Build.0 = Release|Any CPU
		{B1BD72C8-B679-4680-8A13-4AACD528F980}.Debug|Any CPU.ActiveCfg = Debug|Any CPU
		{B1BD72C8-B679-4680-8A13-4AACD528F980}.Debug|Any CPU.Build.0 = Debug|Any CPU
		{B1BD72C8-B679-4680-8A13-4AACD528F980}.Release|Any CPU.ActiveCfg = Release|Any CPU
		{B1BD72C8-B679-4680-8A13-4AACD528F980}.Release|Any CPU.Build.0 = Release|Any CPU
		{434B73AB-DD2C-4F8C-A326-3B3D5996CD0B}.Debug|Any CPU.ActiveCfg = Debug|Any CPU
		{434B73AB-DD2C-4F8C-A326-3B3D5996CD0B}.Debug|Any CPU.Build.0 = Debug|Any CPU
		{434B73AB-DD2C-4F8C-A326-3B3D5996CD0B}.Release|Any CPU.ActiveCfg = Release|Any CPU
		{434B73AB-DD2C-4F8C-A326-3B3D5996CD0B}.Release|Any CPU.Build.0 = Release|Any CPU
		{0A669685-1E74-4749-BA43-02B48249E91D}.Debug|Any CPU.ActiveCfg = Debug|Any CPU
		{0A669685-1E74-4749-BA43-02B48249E91D}.Debug|Any CPU.Build.0 = Debug|Any CPU
		{0A669685-1E74-4749-BA43-02B48249E91D}.Release|Any CPU.ActiveCfg = Release|Any CPU
		{0A669685-1E74-4749-BA43-02B48249E91D}.Release|Any CPU.Build.0 = Release|Any CPU
		{2DE865DF-DBDA-4F1A-AB67-2581C52ED924}.Debug|Any CPU.ActiveCfg = Debug|Any CPU
		{2DE865DF-DBDA-4F1A-AB67-2581C52ED924}.Debug|Any CPU.Build.0 = Debug|Any CPU
		{2DE865DF-DBDA-4F1A-AB67-2581C52ED924}.Release|Any CPU.ActiveCfg = Release|Any CPU
		{2DE865DF-DBDA-4F1A-AB67-2581C52ED924}.Release|Any CPU.Build.0 = Release|Any CPU
		{1C579491-1C26-4B0A-9197-D5E2FC27CE53}.Debug|Any CPU.ActiveCfg = Debug|Any CPU
		{1C579491-1C26-4B0A-9197-D5E2FC27CE53}.Debug|Any CPU.Build.0 = Debug|Any CPU
		{1C579491-1C26-4B0A-9197-D5E2FC27CE53}.Release|Any CPU.ActiveCfg = Release|Any CPU
		{1C579491-1C26-4B0A-9197-D5E2FC27CE53}.Release|Any CPU.Build.0 = Release|Any CPU
		{D3E16633-1B90-4E29-93E4-117AC8301FEB}.Debug|Any CPU.ActiveCfg = Debug|Any CPU
		{D3E16633-1B90-4E29-93E4-117AC8301FEB}.Debug|Any CPU.Build.0 = Debug|Any CPU
		{D3E16633-1B90-4E29-93E4-117AC8301FEB}.Release|Any CPU.ActiveCfg = Release|Any CPU
		{D3E16633-1B90-4E29-93E4-117AC8301FEB}.Release|Any CPU.Build.0 = Release|Any CPU
		{0E051BA5-9B68-4FE7-895C-4346ADB85392}.Debug|Any CPU.ActiveCfg = Debug|Any CPU
		{0E051BA5-9B68-4FE7-895C-4346ADB85392}.Debug|Any CPU.Build.0 = Debug|Any CPU
		{0E051BA5-9B68-4FE7-895C-4346ADB85392}.Release|Any CPU.ActiveCfg = Release|Any CPU
		{0E051BA5-9B68-4FE7-895C-4346ADB85392}.Release|Any CPU.Build.0 = Release|Any CPU
	EndGlobalSection
	GlobalSection(SolutionProperties) = preSolution
		HideSolutionNode = FALSE
	EndGlobalSection
EndGlobal
