
Microsoft Visual Studio Solution File, Format Version 12.00
# Visual Studio 2013
VisualStudioVersion = 12.0.30723.0
MinimumVisualStudioVersion = 10.0.40219.1
Project("{FAE04EC0-301F-11D3-BF4B-00C04F79EFBC}") = "Task02", "Task2\Task02.csproj", "{1BC5016A-6DA8-4CB4-966B-D94D5CFA539D}"
EndProject
Project("{FAE04EC0-301F-11D3-BF4B-00C04F79EFBC}") = "Task03", "Task3\Task03.csproj", "{F95C1EE1-EBD3-497C-A3C2-94D5A54EFD78}"
EndProject
Project("{FAE04EC0-301F-11D3-BF4B-00C04F79EFBC}") = "Task04", "Task4\Task04.csproj", "{D3C4A6AB-0CBA-4E17-AC67-BC18CEF67D4D}"
EndProject
Project("{FAE04EC0-301F-11D3-BF4B-00C04F79EFBC}") = "Task05", "Task5\Task05.csproj", "{9CB977BB-4479-402F-A7CC-28CB5C9D838C}"
EndProject
Project("{FAE04EC0-301F-11D3-BF4B-00C04F79EFBC}") = "Task06", "Task6\Task06.csproj", "{2184EE7C-66A0-46BD-8750-CF2134E41A77}"
EndProject
Project("{FAE04EC0-301F-11D3-BF4B-00C04F79EFBC}") = "task07", "task7\task07.csproj", "{DCF2B538-A9F4-4D98-8018-C858AB65605C}"
EndProject
Project("{FAE04EC0-301F-11D3-BF4B-00C04F79EFBC}") = "Task08", "Task8\Task08.csproj", "{D8698DFD-7CA8-4413-8C5E-D7449030512C}"
EndProject
Project("{FAE04EC0-301F-11D3-BF4B-00C04F79EFBC}") = "Task09", "Task9\Task09.csproj", "{EF43192B-CBC9-4F61-8F17-522F47B320F4}"
EndProject
Project("{FAE04EC0-301F-11D3-BF4B-00C04F79EFBC}") = "Task10", "Task10\Task10.csproj", "{96C66389-C289-4211-931E-5CC6695152C8}"
EndProject
Project("{FAE04EC0-301F-11D3-BF4B-00C04F79EFBC}") = "Task11", "Task11\Task11.csproj", "{8F87E8DE-24CB-4517-A8E1-726DD6991BF4}"
EndProject
Project("{FAE04EC0-301F-11D3-BF4B-00C04F79EFBC}") = "Task12", "Task12\Task12.csproj", "{194283BA-4C1A-4F59-8D96-3A7564E07B23}"
EndProject
Project("{FAE04EC0-301F-11D3-BF4B-00C04F79EFBC}") = "Task13", "Task13\Task13.csproj", "{5732671A-138E-40C1-9079-9F6396DF30D0}"
EndProject
Project("{FAE04EC0-301F-11D3-BF4B-00C04F79EFBC}") = "task14", "task14\task14.csproj", "{8AC55759-FE91-402E-BE09-211C8C135919}"
EndProject
Project("{FAE04EC0-301F-11D3-BF4B-00C04F79EFBC}") = "Task01", "Task1\Task01.csproj", "{FB3F67FA-B18F-4C74-92EA-1548050DCE0F}"
EndProject
Global
	GlobalSection(SolutionConfigurationPlatforms) = preSolution
		Debug|Any CPU = Debug|Any CPU
		Release|Any CPU = Release|Any CPU
	EndGlobalSection
	GlobalSection(ProjectConfigurationPlatforms) = postSolution
		{1BC5016A-6DA8-4CB4-966B-D94D5CFA539D}.Debug|Any CPU.ActiveCfg = Debug|Any CPU
		{1BC5016A-6DA8-4CB4-966B-D94D5CFA539D}.Debug|Any CPU.Build.0 = Debug|Any CPU
		{1BC5016A-6DA8-4CB4-966B-D94D5CFA539D}.Release|Any CPU.ActiveCfg = Release|Any CPU
		{1BC5016A-6DA8-4CB4-966B-D94D5CFA539D}.Release|Any CPU.Build.0 = Release|Any CPU
		{F95C1EE1-EBD3-497C-A3C2-94D5A54EFD78}.Debug|Any CPU.ActiveCfg = Debug|Any CPU
		{F95C1EE1-EBD3-497C-A3C2-94D5A54EFD78}.Debug|Any CPU.Build.0 = Debug|Any CPU
		{F95C1EE1-EBD3-497C-A3C2-94D5A54EFD78}.Release|Any CPU.ActiveCfg = Release|Any CPU
		{F95C1EE1-EBD3-497C-A3C2-94D5A54EFD78}.Release|Any CPU.Build.0 = Release|Any CPU
		{D3C4A6AB-0CBA-4E17-AC67-BC18CEF67D4D}.Debug|Any CPU.ActiveCfg = Debug|Any CPU
		{D3C4A6AB-0CBA-4E17-AC67-BC18CEF67D4D}.Debug|Any CPU.Build.0 = Debug|Any CPU
		{D3C4A6AB-0CBA-4E17-AC67-BC18CEF67D4D}.Release|Any CPU.ActiveCfg = Release|Any CPU
		{D3C4A6AB-0CBA-4E17-AC67-BC18CEF67D4D}.Release|Any CPU.Build.0 = Release|Any CPU
		{9CB977BB-4479-402F-A7CC-28CB5C9D838C}.Debug|Any CPU.ActiveCfg = Debug|Any CPU
		{9CB977BB-4479-402F-A7CC-28CB5C9D838C}.Debug|Any CPU.Build.0 = Debug|Any CPU
		{9CB977BB-4479-402F-A7CC-28CB5C9D838C}.Release|Any CPU.ActiveCfg = Release|Any CPU
		{9CB977BB-4479-402F-A7CC-28CB5C9D838C}.Release|Any CPU.Build.0 = Release|Any CPU
		{2184EE7C-66A0-46BD-8750-CF2134E41A77}.Debug|Any CPU.ActiveCfg = Debug|Any CPU
		{2184EE7C-66A0-46BD-8750-CF2134E41A77}.Debug|Any CPU.Build.0 = Debug|Any CPU
		{2184EE7C-66A0-46BD-8750-CF2134E41A77}.Release|Any CPU.ActiveCfg = Release|Any CPU
		{2184EE7C-66A0-46BD-8750-CF2134E41A77}.Release|Any CPU.Build.0 = Release|Any CPU
		{DCF2B538-A9F4-4D98-8018-C858AB65605C}.Debug|Any CPU.ActiveCfg = Debug|Any CPU
		{DCF2B538-A9F4-4D98-8018-C858AB65605C}.Debug|Any CPU.Build.0 = Debug|Any CPU
		{DCF2B538-A9F4-4D98-8018-C858AB65605C}.Release|Any CPU.ActiveCfg = Release|Any CPU
		{DCF2B538-A9F4-4D98-8018-C858AB65605C}.Release|Any CPU.Build.0 = Release|Any CPU
		{D8698DFD-7CA8-4413-8C5E-D7449030512C}.Debug|Any CPU.ActiveCfg = Debug|Any CPU
		{D8698DFD-7CA8-4413-8C5E-D7449030512C}.Debug|Any CPU.Build.0 = Debug|Any CPU
		{D8698DFD-7CA8-4413-8C5E-D7449030512C}.Release|Any CPU.ActiveCfg = Release|Any CPU
		{D8698DFD-7CA8-4413-8C5E-D7449030512C}.Release|Any CPU.Build.0 = Release|Any CPU
		{EF43192B-CBC9-4F61-8F17-522F47B320F4}.Debug|Any CPU.ActiveCfg = Debug|Any CPU
		{EF43192B-CBC9-4F61-8F17-522F47B320F4}.Debug|Any CPU.Build.0 = Debug|Any CPU
		{EF43192B-CBC9-4F61-8F17-522F47B320F4}.Release|Any CPU.ActiveCfg = Release|Any CPU
		{EF43192B-CBC9-4F61-8F17-522F47B320F4}.Release|Any CPU.Build.0 = Release|Any CPU
		{96C66389-C289-4211-931E-5CC6695152C8}.Debug|Any CPU.ActiveCfg = Debug|Any CPU
		{96C66389-C289-4211-931E-5CC6695152C8}.Debug|Any CPU.Build.0 = Debug|Any CPU
		{96C66389-C289-4211-931E-5CC6695152C8}.Release|Any CPU.ActiveCfg = Release|Any CPU
		{96C66389-C289-4211-931E-5CC6695152C8}.Release|Any CPU.Build.0 = Release|Any CPU
		{8F87E8DE-24CB-4517-A8E1-726DD6991BF4}.Debug|Any CPU.ActiveCfg = Debug|Any CPU
		{8F87E8DE-24CB-4517-A8E1-726DD6991BF4}.Debug|Any CPU.Build.0 = Debug|Any CPU
		{8F87E8DE-24CB-4517-A8E1-726DD6991BF4}.Release|Any CPU.ActiveCfg = Release|Any CPU
		{8F87E8DE-24CB-4517-A8E1-726DD6991BF4}.Release|Any CPU.Build.0 = Release|Any CPU
		{194283BA-4C1A-4F59-8D96-3A7564E07B23}.Debug|Any CPU.ActiveCfg = Debug|Any CPU
		{194283BA-4C1A-4F59-8D96-3A7564E07B23}.Debug|Any CPU.Build.0 = Debug|Any CPU
		{194283BA-4C1A-4F59-8D96-3A7564E07B23}.Release|Any CPU.ActiveCfg = Release|Any CPU
		{194283BA-4C1A-4F59-8D96-3A7564E07B23}.Release|Any CPU.Build.0 = Release|Any CPU
		{5732671A-138E-40C1-9079-9F6396DF30D0}.Debug|Any CPU.ActiveCfg = Debug|Any CPU
		{5732671A-138E-40C1-9079-9F6396DF30D0}.Debug|Any CPU.Build.0 = Debug|Any CPU
		{5732671A-138E-40C1-9079-9F6396DF30D0}.Release|Any CPU.ActiveCfg = Release|Any CPU
		{5732671A-138E-40C1-9079-9F6396DF30D0}.Release|Any CPU.Build.0 = Release|Any CPU
		{8AC55759-FE91-402E-BE09-211C8C135919}.Debug|Any CPU.ActiveCfg = Debug|Any CPU
		{8AC55759-FE91-402E-BE09-211C8C135919}.Debug|Any CPU.Build.0 = Debug|Any CPU
		{8AC55759-FE91-402E-BE09-211C8C135919}.Release|Any CPU.ActiveCfg = Release|Any CPU
		{8AC55759-FE91-402E-BE09-211C8C135919}.Release|Any CPU.Build.0 = Release|Any CPU
		{FB3F67FA-B18F-4C74-92EA-1548050DCE0F}.Debug|Any CPU.ActiveCfg = Debug|Any CPU
		{FB3F67FA-B18F-4C74-92EA-1548050DCE0F}.Debug|Any CPU.Build.0 = Debug|Any CPU
		{FB3F67FA-B18F-4C74-92EA-1548050DCE0F}.Release|Any CPU.ActiveCfg = Release|Any CPU
		{FB3F67FA-B18F-4C74-92EA-1548050DCE0F}.Release|Any CPU.Build.0 = Release|Any CPU
	EndGlobalSection
	GlobalSection(SolutionProperties) = preSolution
		HideSolutionNode = FALSE
	EndGlobalSection
EndGlobal
