
Microsoft Visual Studio Solution File, Format Version 12.00
# Visual Studio 2013
VisualStudioVersion = 12.0.30723.0
MinimumVisualStudioVersion = 10.0.40219.1
Project("{FAE04EC0-301F-11D3-BF4B-00C04F79EFBC}") = "Nortwind.Data", "Nortwind.Data\Nortwind.Data.csproj", "{AD201812-D179-45CE-80E2-FB3D56520B18}"
EndProject
Project("{FAE04EC0-301F-11D3-BF4B-00C04F79EFBC}") = "Nortwind.Client", "Nortwind.Client\Nortwind.Client.csproj", "{46F9464B-3EFE-4049-A8F5-26054F5785D9}"
EndProject
Global
	GlobalSection(SolutionConfigurationPlatforms) = preSolution
		Debug|Any CPU = Debug|Any CPU
		Release|Any CPU = Release|Any CPU
	EndGlobalSection
	GlobalSection(ProjectConfigurationPlatforms) = postSolution
		{AD201812-D179-45CE-80E2-FB3D56520B18}.Debug|Any CPU.ActiveCfg = Debug|Any CPU
		{AD201812-D179-45CE-80E2-FB3D56520B18}.Debug|Any CPU.Build.0 = Debug|Any CPU
		{AD201812-D179-45CE-80E2-FB3D56520B18}.Release|Any CPU.ActiveCfg = Release|Any CPU
		{AD201812-D179-45CE-80E2-FB3D56520B18}.Release|Any CPU.Build.0 = Release|Any CPU
		{46F9464B-3EFE-4049-A8F5-26054F5785D9}.Debug|Any CPU.ActiveCfg = Debug|Any CPU
		{46F9464B-3EFE-4049-A8F5-26054F5785D9}.Debug|Any CPU.Build.0 = Debug|Any CPU
		{46F9464B-3EFE-4049-A8F5-26054F5785D9}.Release|Any CPU.ActiveCfg = Release|Any CPU
		{46F9464B-3EFE-4049-A8F5-26054F5785D9}.Release|Any CPU.Build.0 = Release|Any CPU
	EndGlobalSection
	GlobalSection(SolutionProperties) = preSolution
		HideSolutionNode = FALSE
	EndGlobalSection
EndGlobal
