
Microsoft Visual Studio Solution File, Format Version 12.00
# Visual Studio 2012
Project("{FAE04EC0-301F-11D3-BF4B-00C04F79EFBC}") = "MyFridge", "MyFridge\MyFridge.csproj", "{B9CF3BE9-94B2-44B2-B237-AB3B03824954}"
EndProject
Project("{FAE04EC0-301F-11D3-BF4B-00C04F79EFBC}") = "TestMyFridge", "TestMyFridge\TestMyFridge.csproj", "{FF3F7559-0AE5-48F3-85DA-528E3ACF3DCD}"
EndProject
Project("{FAE04EC0-301F-11D3-BF4B-00C04F79EFBC}") = "MyFridgeWPFApplication", "MyFridgeWPFApplication\MyFridgeWPFApplication.csproj", "{AFC968C6-B7D9-4E4B-A3D4-7262FC6F05E3}"
EndProject
Global
	GlobalSection(SolutionConfigurationPlatforms) = preSolution
		Debug|Any CPU = Debug|Any CPU
		Release|Any CPU = Release|Any CPU
	EndGlobalSection
	GlobalSection(ProjectConfigurationPlatforms) = postSolution
		{B9CF3BE9-94B2-44B2-B237-AB3B03824954}.Debug|Any CPU.ActiveCfg = Debug|Any CPU
		{B9CF3BE9-94B2-44B2-B237-AB3B03824954}.Debug|Any CPU.Build.0 = Debug|Any CPU
		{B9CF3BE9-94B2-44B2-B237-AB3B03824954}.Release|Any CPU.ActiveCfg = Release|Any CPU
		{B9CF3BE9-94B2-44B2-B237-AB3B03824954}.Release|Any CPU.Build.0 = Release|Any CPU
		{FF3F7559-0AE5-48F3-85DA-528E3ACF3DCD}.Debug|Any CPU.ActiveCfg = Debug|Any CPU
		{FF3F7559-0AE5-48F3-85DA-528E3ACF3DCD}.Debug|Any CPU.Build.0 = Debug|Any CPU
		{FF3F7559-0AE5-48F3-85DA-528E3ACF3DCD}.Release|Any CPU.ActiveCfg = Release|Any CPU
		{FF3F7559-0AE5-48F3-85DA-528E3ACF3DCD}.Release|Any CPU.Build.0 = Release|Any CPU
		{AFC968C6-B7D9-4E4B-A3D4-7262FC6F05E3}.Debug|Any CPU.ActiveCfg = Debug|Any CPU
		{AFC968C6-B7D9-4E4B-A3D4-7262FC6F05E3}.Debug|Any CPU.Build.0 = Debug|Any CPU
		{AFC968C6-B7D9-4E4B-A3D4-7262FC6F05E3}.Release|Any CPU.ActiveCfg = Release|Any CPU
		{AFC968C6-B7D9-4E4B-A3D4-7262FC6F05E3}.Release|Any CPU.Build.0 = Release|Any CPU
	EndGlobalSection
	GlobalSection(SolutionProperties) = preSolution
		HideSolutionNode = FALSE
	EndGlobalSection
EndGlobal
