
Microsoft Visual Studio Solution File, Format Version 12.00
# Visual Studio 2013
VisualStudioVersion = 12.0.31101.0
MinimumVisualStudioVersion = 10.0.40219.1
Project("{FAE04EC0-301F-11D3-BF4B-00C04F79EFBC}") = "01. ShowInfo", "01. ShowInfo\01. ShowInfo.csproj", "{6DA41EF1-8D83-48F7-B599-6B2D1A659B74}"
EndProject
Project("{FAE04EC0-301F-11D3-BF4B-00C04F79EFBC}") = "02.NumberOfClick", "02.NumberOfClick\02.NumberOfClick.csproj", "{DFC05132-130B-4694-B293-E3162BB6815C}"
EndProject
Project("{FAE04EC0-301F-11D3-BF4B-00C04F79EFBC}") = "03.ShowElement", "03.ShowElement\03.ShowElement.csproj", "{66DF89D4-93DD-422D-BDB8-B0AC5860EEDE}"
EndProject
Global
	GlobalSection(SolutionConfigurationPlatforms) = preSolution
		Debug|Any CPU = Debug|Any CPU
		Debug|ARM = Debug|ARM
		Debug|x64 = Debug|x64
		Debug|x86 = Debug|x86
		Release|Any CPU = Release|Any CPU
		Release|ARM = Release|ARM
		Release|x64 = Release|x64
		Release|x86 = Release|x86
	EndGlobalSection
	GlobalSection(ProjectConfigurationPlatforms) = postSolution
		{6DA41EF1-8D83-48F7-B599-6B2D1A659B74}.Debug|Any CPU.ActiveCfg = Debug|Any CPU
		{6DA41EF1-8D83-48F7-B599-6B2D1A659B74}.Debug|Any CPU.Build.0 = Debug|Any CPU
		{6DA41EF1-8D83-48F7-B599-6B2D1A659B74}.Debug|Any CPU.Deploy.0 = Debug|Any CPU
		{6DA41EF1-8D83-48F7-B599-6B2D1A659B74}.Debug|ARM.ActiveCfg = Debug|ARM
		{6DA41EF1-8D83-48F7-B599-6B2D1A659B74}.Debug|ARM.Build.0 = Debug|ARM
		{6DA41EF1-8D83-48F7-B599-6B2D1A659B74}.Debug|ARM.Deploy.0 = Debug|ARM
		{6DA41EF1-8D83-48F7-B599-6B2D1A659B74}.Debug|x64.ActiveCfg = Debug|x64
		{6DA41EF1-8D83-48F7-B599-6B2D1A659B74}.Debug|x64.Build.0 = Debug|x64
		{6DA41EF1-8D83-48F7-B599-6B2D1A659B74}.Debug|x64.Deploy.0 = Debug|x64
		{6DA41EF1-8D83-48F7-B599-6B2D1A659B74}.Debug|x86.ActiveCfg = Debug|x86
		{6DA41EF1-8D83-48F7-B599-6B2D1A659B74}.Debug|x86.Build.0 = Debug|x86
		{6DA41EF1-8D83-48F7-B599-6B2D1A659B74}.Debug|x86.Deploy.0 = Debug|x86
		{6DA41EF1-8D83-48F7-B599-6B2D1A659B74}.Release|Any CPU.ActiveCfg = Release|Any CPU
		{6DA41EF1-8D83-48F7-B599-6B2D1A659B74}.Release|Any CPU.Build.0 = Release|Any CPU
		{6DA41EF1-8D83-48F7-B599-6B2D1A659B74}.Release|Any CPU.Deploy.0 = Release|Any CPU
		{6DA41EF1-8D83-48F7-B599-6B2D1A659B74}.Release|ARM.ActiveCfg = Release|ARM
		{6DA41EF1-8D83-48F7-B599-6B2D1A659B74}.Release|ARM.Build.0 = Release|ARM
		{6DA41EF1-8D83-48F7-B599-6B2D1A659B74}.Release|ARM.Deploy.0 = Release|ARM
		{6DA41EF1-8D83-48F7-B599-6B2D1A659B74}.Release|x64.ActiveCfg = Release|x64
		{6DA41EF1-8D83-48F7-B599-6B2D1A659B74}.Release|x64.Build.0 = Release|x64
		{6DA41EF1-8D83-48F7-B599-6B2D1A659B74}.Release|x64.Deploy.0 = Release|x64
		{6DA41EF1-8D83-48F7-B599-6B2D1A659B74}.Release|x86.ActiveCfg = Release|x86
		{6DA41EF1-8D83-48F7-B599-6B2D1A659B74}.Release|x86.Build.0 = Release|x86
		{6DA41EF1-8D83-48F7-B599-6B2D1A659B74}.Release|x86.Deploy.0 = Release|x86
		{DFC05132-130B-4694-B293-E3162BB6815C}.Debug|Any CPU.ActiveCfg = Debug|Any CPU
		{DFC05132-130B-4694-B293-E3162BB6815C}.Debug|Any CPU.Build.0 = Debug|Any CPU
		{DFC05132-130B-4694-B293-E3162BB6815C}.Debug|Any CPU.Deploy.0 = Debug|Any CPU
		{DFC05132-130B-4694-B293-E3162BB6815C}.Debug|ARM.ActiveCfg = Debug|ARM
		{DFC05132-130B-4694-B293-E3162BB6815C}.Debug|ARM.Build.0 = Debug|ARM
		{DFC05132-130B-4694-B293-E3162BB6815C}.Debug|ARM.Deploy.0 = Debug|ARM
		{DFC05132-130B-4694-B293-E3162BB6815C}.Debug|x64.ActiveCfg = Debug|x64
		{DFC05132-130B-4694-B293-E3162BB6815C}.Debug|x64.Build.0 = Debug|x64
		{DFC05132-130B-4694-B293-E3162BB6815C}.Debug|x64.Deploy.0 = Debug|x64
		{DFC05132-130B-4694-B293-E3162BB6815C}.Debug|x86.ActiveCfg = Debug|x86
		{DFC05132-130B-4694-B293-E3162BB6815C}.Debug|x86.Build.0 = Debug|x86
		{DFC05132-130B-4694-B293-E3162BB6815C}.Debug|x86.Deploy.0 = Debug|x86
		{DFC05132-130B-4694-B293-E3162BB6815C}.Release|Any CPU.ActiveCfg = Release|Any CPU
		{DFC05132-130B-4694-B293-E3162BB6815C}.Release|Any CPU.Build.0 = Release|Any CPU
		{DFC05132-130B-4694-B293-E3162BB6815C}.Release|Any CPU.Deploy.0 = Release|Any CPU
		{DFC05132-130B-4694-B293-E3162BB6815C}.Release|ARM.ActiveCfg = Release|ARM
		{DFC05132-130B-4694-B293-E3162BB6815C}.Release|ARM.Build.0 = Release|ARM
		{DFC05132-130B-4694-B293-E3162BB6815C}.Release|ARM.Deploy.0 = Release|ARM
		{DFC05132-130B-4694-B293-E3162BB6815C}.Release|x64.ActiveCfg = Release|x64
		{DFC05132-130B-4694-B293-E3162BB6815C}.Release|x64.Build.0 = Release|x64
		{DFC05132-130B-4694-B293-E3162BB6815C}.Release|x64.Deploy.0 = Release|x64
		{DFC05132-130B-4694-B293-E3162BB6815C}.Release|x86.ActiveCfg = Release|x86
		{DFC05132-130B-4694-B293-E3162BB6815C}.Release|x86.Build.0 = Release|x86
		{DFC05132-130B-4694-B293-E3162BB6815C}.Release|x86.Deploy.0 = Release|x86
		{66DF89D4-93DD-422D-BDB8-B0AC5860EEDE}.Debug|Any CPU.ActiveCfg = Debug|Any CPU
		{66DF89D4-93DD-422D-BDB8-B0AC5860EEDE}.Debug|Any CPU.Build.0 = Debug|Any CPU
		{66DF89D4-93DD-422D-BDB8-B0AC5860EEDE}.Debug|Any CPU.Deploy.0 = Debug|Any CPU
		{66DF89D4-93DD-422D-BDB8-B0AC5860EEDE}.Debug|ARM.ActiveCfg = Debug|ARM
		{66DF89D4-93DD-422D-BDB8-B0AC5860EEDE}.Debug|ARM.Build.0 = Debug|ARM
		{66DF89D4-93DD-422D-BDB8-B0AC5860EEDE}.Debug|ARM.Deploy.0 = Debug|ARM
		{66DF89D4-93DD-422D-BDB8-B0AC5860EEDE}.Debug|x64.ActiveCfg = Debug|x64
		{66DF89D4-93DD-422D-BDB8-B0AC5860EEDE}.Debug|x64.Build.0 = Debug|x64
		{66DF89D4-93DD-422D-BDB8-B0AC5860EEDE}.Debug|x64.Deploy.0 = Debug|x64
		{66DF89D4-93DD-422D-BDB8-B0AC5860EEDE}.Debug|x86.ActiveCfg = Debug|x86
		{66DF89D4-93DD-422D-BDB8-B0AC5860EEDE}.Debug|x86.Build.0 = Debug|x86
		{66DF89D4-93DD-422D-BDB8-B0AC5860EEDE}.Debug|x86.Deploy.0 = Debug|x86
		{66DF89D4-93DD-422D-BDB8-B0AC5860EEDE}.Release|Any CPU.ActiveCfg = Release|Any CPU
		{66DF89D4-93DD-422D-BDB8-B0AC5860EEDE}.Release|Any CPU.Build.0 = Release|Any CPU
		{66DF89D4-93DD-422D-BDB8-B0AC5860EEDE}.Release|Any CPU.Deploy.0 = Release|Any CPU
		{66DF89D4-93DD-422D-BDB8-B0AC5860EEDE}.Release|ARM.ActiveCfg = Release|ARM
		{66DF89D4-93DD-422D-BDB8-B0AC5860EEDE}.Release|ARM.Build.0 = Release|ARM
		{66DF89D4-93DD-422D-BDB8-B0AC5860EEDE}.Release|ARM.Deploy.0 = Release|ARM
		{66DF89D4-93DD-422D-BDB8-B0AC5860EEDE}.Release|x64.ActiveCfg = Release|x64
		{66DF89D4-93DD-422D-BDB8-B0AC5860EEDE}.Release|x64.Build.0 = Release|x64
		{66DF89D4-93DD-422D-BDB8-B0AC5860EEDE}.Release|x64.Deploy.0 = Release|x64
		{66DF89D4-93DD-422D-BDB8-B0AC5860EEDE}.Release|x86.ActiveCfg = Release|x86
		{66DF89D4-93DD-422D-BDB8-B0AC5860EEDE}.Release|x86.Build.0 = Release|x86
		{66DF89D4-93DD-422D-BDB8-B0AC5860EEDE}.Release|x86.Deploy.0 = Release|x86
	EndGlobalSection
	GlobalSection(SolutionProperties) = preSolution
		HideSolutionNode = FALSE
	EndGlobalSection
EndGlobal
