
Microsoft Visual Studio Solution File, Format Version 12.00
# Visual Studio 2012
Project("{FAE04EC0-301F-11D3-BF4B-00C04F79EFBC}") = "3DSystem", "3DSystem\3DSystem.csproj", "{1811D7CB-CDFF-4D50-B23D-3DE1CCDD0ABE}"
EndProject
Global
	GlobalSection(SolutionConfigurationPlatforms) = preSolution
		Debug|Any CPU = Debug|Any CPU
		Release|Any CPU = Release|Any CPU
	EndGlobalSection
	GlobalSection(ProjectConfigurationPlatforms) = postSolution
		{1811D7CB-CDFF-4D50-B23D-3DE1CCDD0ABE}.Debug|Any CPU.ActiveCfg = Debug|Any CPU
		{1811D7CB-CDFF-4D50-B23D-3DE1CCDD0ABE}.Debug|Any CPU.Build.0 = Debug|Any CPU
		{1811D7CB-CDFF-4D50-B23D-3DE1CCDD0ABE}.Release|Any CPU.ActiveCfg = Release|Any CPU
		{1811D7CB-CDFF-4D50-B23D-3DE1CCDD0ABE}.Release|Any CPU.Build.0 = Release|Any CPU
	EndGlobalSection
	GlobalSection(SolutionProperties) = preSolution
		HideSolutionNode = FALSE
	EndGlobalSection
EndGlobal
