
Microsoft Visual Studio Solution File, Format Version 12.00
# Visual Studio 2012
Project("{FAE04EC0-301F-11D3-BF4B-00C04F79EFBC}") = "2_hello", "2_hello\2_hello.csproj", "{8102483F-BF1D-4EC3-B3F0-5151278DD2C4}"
EndProject
Project("{FAE04EC0-301F-11D3-BF4B-00C04F79EFBC}") = "YourName", "YourName\YourName.csproj", "{7189E3C0-90F9-4CED-B304-0CE8FC055419}"
EndProject
Project("{FAE04EC0-301F-11D3-BF4B-00C04F79EFBC}") = "Numbers", "Numbers\Numbers.csproj", "{982882DD-3169-4B41-830E-FA018D79F808}"
EndProject
Project("{FAE04EC0-301F-11D3-BF4B-00C04F79EFBC}") = "PrintFirstLastName", "PrintFirstLastName\PrintFirstLastName.csproj", "{9A1596BB-3BC8-425C-B36E-02E2B135E1F8}"
EndProject
Project("{FAE04EC0-301F-11D3-BF4B-00C04F79EFBC}") = "SquareNum", "SquareNum\SquareNum.csproj", "{A8048571-B7DE-4978-9A74-B748F489DE5B}"
EndProject
Project("{FAE04EC0-301F-11D3-BF4B-00C04F79EFBC}") = "SequencePrint", "SequencePrint\SequencePrint.csproj", "{B305D28D-5B00-46F5-9BDB-DEC432A5C8C6}"
EndProject
Project("{FAE04EC0-301F-11D3-BF4B-00C04F79EFBC}") = "ageAfter", "ageAfter\ageAfter.csproj", "{C2E8685A-C26C-40B3-981D-AB938897B8EA}"
EndProject
Global
	GlobalSection(SolutionConfigurationPlatforms) = preSolution
		Debug|Any CPU = Debug|Any CPU
		Release|Any CPU = Release|Any CPU
	EndGlobalSection
	GlobalSection(ProjectConfigurationPlatforms) = postSolution
		{8102483F-BF1D-4EC3-B3F0-5151278DD2C4}.Debug|Any CPU.ActiveCfg = Debug|Any CPU
		{8102483F-BF1D-4EC3-B3F0-5151278DD2C4}.Debug|Any CPU.Build.0 = Debug|Any CPU
		{8102483F-BF1D-4EC3-B3F0-5151278DD2C4}.Release|Any CPU.ActiveCfg = Release|Any CPU
		{8102483F-BF1D-4EC3-B3F0-5151278DD2C4}.Release|Any CPU.Build.0 = Release|Any CPU
		{7189E3C0-90F9-4CED-B304-0CE8FC055419}.Debug|Any CPU.ActiveCfg = Debug|Any CPU
		{7189E3C0-90F9-4CED-B304-0CE8FC055419}.Debug|Any CPU.Build.0 = Debug|Any CPU
		{7189E3C0-90F9-4CED-B304-0CE8FC055419}.Release|Any CPU.ActiveCfg = Release|Any CPU
		{7189E3C0-90F9-4CED-B304-0CE8FC055419}.Release|Any CPU.Build.0 = Release|Any CPU
		{982882DD-3169-4B41-830E-FA018D79F808}.Debug|Any CPU.ActiveCfg = Debug|Any CPU
		{982882DD-3169-4B41-830E-FA018D79F808}.Debug|Any CPU.Build.0 = Debug|Any CPU
		{982882DD-3169-4B41-830E-FA018D79F808}.Release|Any CPU.ActiveCfg = Release|Any CPU
		{982882DD-3169-4B41-830E-FA018D79F808}.Release|Any CPU.Build.0 = Release|Any CPU
		{9A1596BB-3BC8-425C-B36E-02E2B135E1F8}.Debug|Any CPU.ActiveCfg = Debug|Any CPU
		{9A1596BB-3BC8-425C-B36E-02E2B135E1F8}.Debug|Any CPU.Build.0 = Debug|Any CPU
		{9A1596BB-3BC8-425C-B36E-02E2B135E1F8}.Release|Any CPU.ActiveCfg = Release|Any CPU
		{9A1596BB-3BC8-425C-B36E-02E2B135E1F8}.Release|Any CPU.Build.0 = Release|Any CPU
		{A8048571-B7DE-4978-9A74-B748F489DE5B}.Debug|Any CPU.ActiveCfg = Debug|Any CPU
		{A8048571-B7DE-4978-9A74-B748F489DE5B}.Debug|Any CPU.Build.0 = Debug|Any CPU
		{A8048571-B7DE-4978-9A74-B748F489DE5B}.Release|Any CPU.ActiveCfg = Release|Any CPU
		{A8048571-B7DE-4978-9A74-B748F489DE5B}.Release|Any CPU.Build.0 = Release|Any CPU
		{B305D28D-5B00-46F5-9BDB-DEC432A5C8C6}.Debug|Any CPU.ActiveCfg = Debug|Any CPU
		{B305D28D-5B00-46F5-9BDB-DEC432A5C8C6}.Debug|Any CPU.Build.0 = Debug|Any CPU
		{B305D28D-5B00-46F5-9BDB-DEC432A5C8C6}.Release|Any CPU.ActiveCfg = Release|Any CPU
		{B305D28D-5B00-46F5-9BDB-DEC432A5C8C6}.Release|Any CPU.Build.0 = Release|Any CPU
		{C2E8685A-C26C-40B3-981D-AB938897B8EA}.Debug|Any CPU.ActiveCfg = Debug|Any CPU
		{C2E8685A-C26C-40B3-981D-AB938897B8EA}.Debug|Any CPU.Build.0 = Debug|Any CPU
		{C2E8685A-C26C-40B3-981D-AB938897B8EA}.Release|Any CPU.ActiveCfg = Release|Any CPU
		{C2E8685A-C26C-40B3-981D-AB938897B8EA}.Release|Any CPU.Build.0 = Release|Any CPU
	EndGlobalSection
	GlobalSection(SolutionProperties) = preSolution
		HideSolutionNode = FALSE
	EndGlobalSection
EndGlobal
