
Microsoft Visual Studio Solution File, Format Version 12.00
# Visual Studio 2013
VisualStudioVersion = 12.0.30723.0
MinimumVisualStudioVersion = 10.0.40219.1
Project("{FAE04EC0-301F-11D3-BF4B-00C04F79EFBC}") = "01-SimpleWebForm", "01-SimpleWebForm\01-SimpleWebForm.csproj", "{5B76A8F4-8D1E-48FC-B708-57905FBF6B6C}"
EndProject
Global
	GlobalSection(SolutionConfigurationPlatforms) = preSolution
		Debug|Any CPU = Debug|Any CPU
		Release|Any CPU = Release|Any CPU
	EndGlobalSection
	GlobalSection(ProjectConfigurationPlatforms) = postSolution
		{5B76A8F4-8D1E-48FC-B708-57905FBF6B6C}.Debug|Any CPU.ActiveCfg = Debug|Any CPU
		{5B76A8F4-8D1E-48FC-B708-57905FBF6B6C}.Debug|Any CPU.Build.0 = Debug|Any CPU
		{5B76A8F4-8D1E-48FC-B708-57905FBF6B6C}.Release|Any CPU.ActiveCfg = Release|Any CPU
		{5B76A8F4-8D1E-48FC-B708-57905FBF6B6C}.Release|Any CPU.Build.0 = Release|Any CPU
	EndGlobalSection
	GlobalSection(SolutionProperties) = preSolution
		HideSolutionNode = FALSE
	EndGlobalSection
EndGlobal
