
Microsoft Visual Studio Solution File, Format Version 12.00
# Visual Studio 2013
VisualStudioVersion = 12.0.30723.0
MinimumVisualStudioVersion = 10.0.40219.1
Project("{FAE04EC0-301F-11D3-BF4B-00C04F79EFBC}") = "01-PrintHello", "01-PrintHello\01-PrintHello.csproj", "{A8300B20-95C6-45E2-8BF1-B98C1AD4F27D}"
EndProject
Project("{FAE04EC0-301F-11D3-BF4B-00C04F79EFBC}") = "02-GeneraterdWebFormsApp", "02-GeneraterdWebFormsApp\02-GeneraterdWebFormsApp.csproj", "{A07D1BD8-DE21-47BB-AF95-F557D862AA8B}"
EndProject
Project("{FAE04EC0-301F-11D3-BF4B-00C04F79EFBC}") = "03-Dump all the events", "03-Dump all the events\03-Dump all the events.csproj", "{1390CA8A-36FC-49F0-9D99-9E42C932AB26}"
EndProject
Global
	GlobalSection(SolutionConfigurationPlatforms) = preSolution
		Debug|Any CPU = Debug|Any CPU
		Release|Any CPU = Release|Any CPU
	EndGlobalSection
	GlobalSection(ProjectConfigurationPlatforms) = postSolution
		{A8300B20-95C6-45E2-8BF1-B98C1AD4F27D}.Debug|Any CPU.ActiveCfg = Debug|Any CPU
		{A8300B20-95C6-45E2-8BF1-B98C1AD4F27D}.Debug|Any CPU.Build.0 = Debug|Any CPU
		{A8300B20-95C6-45E2-8BF1-B98C1AD4F27D}.Release|Any CPU.ActiveCfg = Release|Any CPU
		{A8300B20-95C6-45E2-8BF1-B98C1AD4F27D}.Release|Any CPU.Build.0 = Release|Any CPU
		{A07D1BD8-DE21-47BB-AF95-F557D862AA8B}.Debug|Any CPU.ActiveCfg = Debug|Any CPU
		{A07D1BD8-DE21-47BB-AF95-F557D862AA8B}.Debug|Any CPU.Build.0 = Debug|Any CPU
		{A07D1BD8-DE21-47BB-AF95-F557D862AA8B}.Release|Any CPU.ActiveCfg = Release|Any CPU
		{A07D1BD8-DE21-47BB-AF95-F557D862AA8B}.Release|Any CPU.Build.0 = Release|Any CPU
		{1390CA8A-36FC-49F0-9D99-9E42C932AB26}.Debug|Any CPU.ActiveCfg = Debug|Any CPU
		{1390CA8A-36FC-49F0-9D99-9E42C932AB26}.Debug|Any CPU.Build.0 = Debug|Any CPU
		{1390CA8A-36FC-49F0-9D99-9E42C932AB26}.Release|Any CPU.ActiveCfg = Release|Any CPU
		{1390CA8A-36FC-49F0-9D99-9E42C932AB26}.Release|Any CPU.Build.0 = Release|Any CPU
	EndGlobalSection
	GlobalSection(SolutionProperties) = preSolution
		HideSolutionNode = FALSE
	EndGlobalSection
EndGlobal
